# This file is autogenerated, do not edit; changes may be undone by the next 'dep ensure'.


[[projects]]
  name = "github.com/heetch/sqalx"
  packages = ["."]
  revision = "e40536072f95235446bdd63325902f82373774cc"

[[projects]]
  name = "github.com/jmoiron/sqlx"
  packages = [
    ".",
    "reflectx"
  ]
  revision = "cf35089a197953c69420c8d0cecda90809764b1d"

[[projects]]
  name = "github.com/lib/pq"
  packages = [
    ".",
    "oid"
  ]
  revision = "b2004221932bd6b13167ef654c81cffac36f7537"

[[projects]]
  name = "github.com/oleiade/reflections"
  packages = ["."]
  revision = "0e86b3c98b2ff33e30c85cfe97d9a63d439fe7eb"

[[projects]]
  name = "github.com/pkg/errors"
  packages = ["."]
  revision = "645ef00459ed84a119197bfb8d8205042c6df63d"
  version = "v0.8.0"

[[projects]]
  name = "github.com/satori/go.uuid"
  packages = ["."]
  revision = "36e9d2ebbde5e3f13ab2e25625fd453271d6522e"

[[projects]]
  name = "github.com/serenize/snaker"
  packages = ["."]
  revision = "a683aaf2d516deecd70cad0c72e3ca773ecfcef0"

[[projects]]
  name = "github.com/ulule/loukoum"
  packages = [
    ".",
    "builder",
    "format",
    "lexer",
    "parser",
    "stmt",
    "token",
    "types"
  ]
  revision = "f32ba9784a6c0c15c9e922a3fdc7937f7c47b92a"

[solve-meta]
  analyzer-name = "dep"
  analyzer-version = 1
  inputs-digest = "465dae9664f0c8dd09ce86e46438e6dbba1eede62d4565ec39af8da967d499dd"
  solver-name = "gps-cdcl"
  solver-version = 1
