# This file is autogenerated, do not edit; changes may be undone by the next 'dep ensure'.


[[projects]]
  name = "github.com/lib/pq"
  packages = [
    ".",
    "oid"
  ]
  revision = "90697d60dd844d5ef6ff15135d0203f65d2f53b8"

[[projects]]
  name = "github.com/oklog/ulid"
  packages = ["."]
  revision = "3928b679b154aad7ea1db5352e4277e4e448b324"

[[projects]]
  name = "github.com/pkg/errors"
  packages = ["."]
  revision = "645ef00459ed84a119197bfb8d8205042c6df63d"
  version = "v0.8.0"

[[projects]]
  name = "github.com/satori/go.uuid"
  packages = ["."]
  revision = "36e9d2ebbde5e3f13ab2e25625fd453271d6522e"

[[projects]]
  name = "github.com/serenize/snaker"
  packages = ["."]
  revision = "a683aaf2d516deecd70cad0c72e3ca773ecfcef0"

[[projects]]
  name = "github.com/ulule/loukoum"
  packages = [
    ".",
    "builder",
    "format",
    "lexer",
    "parser",
    "stmt",
    "token",
    "types"
  ]
  revision = "79401924b612bdf526ab9e1b55483103ec4429fc"

[[projects]]
  name = "github.com/ulule/sqalx"
  packages = ["."]
  revision = "d9cae201d6f9efafb7c8b76038c077c5d203f161"

[[projects]]
  name = "github.com/ulule/sqlx"
  packages = [
    ".",
    "reflectx"
  ]
  revision = "48295ab65cb8f057910839456253b2ad6a9e7f52"

[solve-meta]
  analyzer-name = "dep"
  analyzer-version = 1
  inputs-digest = "ced282196c59b0150ade3542337c0f0f7da1c51f4400074238f887fd54083948"
  solver-name = "gps-cdcl"
  solver-version = 1
