# This file is autogenerated, do not edit; changes may be undone by the next 'dep ensure'.


[[projects]]
  name = "github.com/heetch/sqalx"
  packages = ["."]
  revision = "e40536072f95235446bdd63325902f82373774cc"

[[projects]]
  name = "github.com/jmoiron/sqlx"
  packages = [
    ".",
    "reflectx"
  ]
  revision = "cf35089a197953c69420c8d0cecda90809764b1d"

[[projects]]
  name = "github.com/lib/pq"
  packages = [
    ".",
    "oid"
  ]
  revision = "b2004221932bd6b13167ef654c81cffac36f7537"

[[projects]]
  name = "github.com/oleiade/reflections"
  packages = ["."]
  revision = "0e86b3c98b2ff33e30c85cfe97d9a63d439fe7eb"

[[projects]]
  name = "github.com/pkg/errors"
  packages = ["."]
  revision = "645ef00459ed84a119197bfb8d8205042c6df63d"
  version = "v0.8.0"

[[projects]]
  name = "github.com/satori/go.uuid"
  packages = ["."]
  revision = "f58768cc1a7a7e77a3bd49e98cdd21419399b6a3"
  version = "v1.2.0"

[[projects]]
  name = "github.com/serenize/snaker"
  packages = ["."]
  revision = "a683aaf2d516deecd70cad0c72e3ca773ecfcef0"

[[projects]]
  name = "github.com/thoas/go-funk"
  packages = ["."]
  revision = "54489e5ff3900f4618607d32d680f8cf112bcb18"

[solve-meta]
  analyzer-name = "dep"
  analyzer-version = 1
  inputs-digest = "6e570b65b5b0a47100556a0543966a6d53017e5d3527d56867cb8110463e1368"
  solver-name = "gps-cdcl"
  solver-version = 1
